
Microsoft Visual Studio Solution File, Format Version 12.00
# Visual Studio Version 17
VisualStudioVersion = 17.13.35806.99
MinimumVisualStudioVersion = 10.0.40219.1
Project("{FAE04EC0-301F-11D3-BF4B-00C04F79EFBC}") = "ECommerce.API", "ECommerce.API\ECommerce.API.csproj", "{FAC89999-9873-447B-BC79-30AF250DF1D7}"
EndProject
Project("{FAE04EC0-301F-11D3-BF4B-00C04F79EFBC}") = "ECommerce.Domain", "ECommerce.Domain\ECommerce.Domain.csproj", "{31686E6B-B107-4230-B43D-96C81644984A}"
EndProject
Project("{FAE04EC0-301F-11D3-BF4B-00C04F79EFBC}") = "ECommerce.Application", "ECommerce.Application\ECommerce.Application.csproj", "{C8792192-906F-4922-B20E-0ACEC1BFAB31}"
EndProject
Project("{FAE04EC0-301F-11D3-BF4B-00C04F79EFBC}") = "ECommerce.Infrastructure", "ECommerce.Infrastructure\ECommerce.Infrastructure.csproj", "{FEF65EC0-B88C-41B4-AB62-73DD7BC5F84C}"
EndProject
Project("{FAE04EC0-301F-11D3-BF4B-00C04F79EFBC}") = "ECommerce.Test", "ECommerce.Test\ECommerce.Test.csproj", "{133BBF96-B495-41F8-A651-0AF7143B23E8}"
EndProject
Project("{2150E333-8FDC-42A3-9474-1A3956D46DE8}") = "Solution Items", "Solution Items", "{8EC462FD-D22E-90A8-E5CE-7E832BA40C5D}"
	ProjectSection(SolutionItems) = preProject
		docker-compose.yml = docker-compose.yml
		.gitignore = .gitignore
		Dockerfile = Dockerfile
		README.md = README.md
	EndProjectSection
EndProject
Global
	GlobalSection(SolutionConfigurationPlatforms) = preSolution
		Debug|Any CPU = Debug|Any CPU
		Release|Any CPU = Release|Any CPU
	EndGlobalSection
	GlobalSection(ProjectConfigurationPlatforms) = postSolution
		{FAC89999-9873-447B-BC79-30AF250DF1D7}.Debug|Any CPU.ActiveCfg = Debug|Any CPU
		{FAC89999-9873-447B-BC79-30AF250DF1D7}.Debug|Any CPU.Build.0 = Debug|Any CPU
		{FAC89999-9873-447B-BC79-30AF250DF1D7}.Release|Any CPU.ActiveCfg = Release|Any CPU
		{FAC89999-9873-447B-BC79-30AF250DF1D7}.Release|Any CPU.Build.0 = Release|Any CPU
		{31686E6B-B107-4230-B43D-96C81644984A}.Debug|Any CPU.ActiveCfg = Debug|Any CPU
		{31686E6B-B107-4230-B43D-96C81644984A}.Debug|Any CPU.Build.0 = Debug|Any CPU
		{31686E6B-B107-4230-B43D-96C81644984A}.Release|Any CPU.ActiveCfg = Release|Any CPU
		{31686E6B-B107-4230-B43D-96C81644984A}.Release|Any CPU.Build.0 = Release|Any CPU
		{C8792192-906F-4922-B20E-0ACEC1BFAB31}.Debug|Any CPU.ActiveCfg = Debug|Any CPU
		{C8792192-906F-4922-B20E-0ACEC1BFAB31}.Debug|Any CPU.Build.0 = Debug|Any CPU
		{C8792192-906F-4922-B20E-0ACEC1BFAB31}.Release|Any CPU.ActiveCfg = Release|Any CPU
		{C8792192-906F-4922-B20E-0ACEC1BFAB31}.Release|Any CPU.Build.0 = Release|Any CPU
		{FEF65EC0-B88C-41B4-AB62-73DD7BC5F84C}.Debug|Any CPU.ActiveCfg = Debug|Any CPU
		{FEF65EC0-B88C-41B4-AB62-73DD7BC5F84C}.Debug|Any CPU.Build.0 = Debug|Any CPU
		{FEF65EC0-B88C-41B4-AB62-73DD7BC5F84C}.Release|Any CPU.ActiveCfg = Release|Any CPU
		{FEF65EC0-B88C-41B4-AB62-73DD7BC5F84C}.Release|Any CPU.Build.0 = Release|Any CPU
		{133BBF96-B495-41F8-A651-0AF7143B23E8}.Debug|Any CPU.ActiveCfg = Debug|Any CPU
		{133BBF96-B495-41F8-A651-0AF7143B23E8}.Debug|Any CPU.Build.0 = Debug|Any CPU
		{133BBF96-B495-41F8-A651-0AF7143B23E8}.Release|Any CPU.ActiveCfg = Release|Any CPU
		{133BBF96-B495-41F8-A651-0AF7143B23E8}.Release|Any CPU.Build.0 = Release|Any CPU
	EndGlobalSection
	GlobalSection(SolutionProperties) = preSolution
		HideSolutionNode = FALSE
	EndGlobalSection
	GlobalSection(ExtensibilityGlobals) = postSolution
		SolutionGuid = {B7E1065A-9941-4B3C-BE77-6E537105523C}
	EndGlobalSection
EndGlobal
